// !$*UTF8*$!
{
	archiveVersion = 1;
	classes = {
	};
	objectVersion = 46;
	objects = {

/* Begin PBXBuildFile section */
		577DA732161AA89D004513C3 /* UIKit.framework in Frameworks */ = {isa = PBXBuildFile; fileRef = 577DA731161AA89D004513C3 /* UIKit.framework */; };
		577DA734161AA89D004513C3 /* Foundation.framework in Frameworks */ = {isa = PBXBuildFile; fileRef = 577DA733161AA89D004513C3 /* Foundation.framework */; };
		577DA736161AA89D004513C3 /* CoreGraphics.framework in Frameworks */ = {isa = PBXBuildFile; fileRef = 577DA735161AA89D004513C3 /* CoreGraphics.framework */; };
		577DA73C161AA89D004513C3 /* InfoPlist.strings in Resources */ = {isa = PBXBuildFile; fileRef = 577DA73A161AA89D004513C3 /* InfoPlist.strings */; };
		577DA73E161AA89D004513C3 /* main.m in Sources */ = {isa = PBXBuildFile; fileRef = 577DA73D161AA89D004513C3 /* main.m */; };
		577DA742161AA89D004513C3 /* FlickrAppDelegate.m in Sources */ = {isa = PBXBuildFile; fileRef = 577DA741161AA89D004513C3 /* FlickrAppDelegate.m */; };
		577DA745161AA89D004513C3 /* MainStoryboard_iPhone.storyboard in Resources */ = {isa = PBXBuildFile; fileRef = 577DA743161AA89D004513C3 /* MainStoryboard_iPhone.storyboard */; };
		577DA748161AA89D004513C3 /* MainStoryboard_iPad.storyboard in Resources */ = {isa = PBXBuildFile; fileRef = 577DA746161AA89D004513C3 /* MainStoryboard_iPad.storyboard */; };
		577DA753161AACBC004513C3 /* FlickrTableViewController.m in Sources */ = {isa = PBXBuildFile; fileRef = 577DA752161AACBC004513C3 /* FlickrTableViewController.m */; };
		577DA757161C740B004513C3 /* FlickrFetcher.m in Sources */ = {isa = PBXBuildFile; fileRef = 577DA756161C740B004513C3 /* FlickrFetcher.m */; };
		577DA75A161C87B8004513C3 /* FlickrModel.m in Sources */ = {isa = PBXBuildFile; fileRef = 577DA759161C87B8004513C3 /* FlickrModel.m */; };
		577DA764161D4F94004513C3 /* DetailFlickrViewController.m in Sources */ = {isa = PBXBuildFile; fileRef = 577DA763161D4F94004513C3 /* DetailFlickrViewController.m */; };
		577DA76B161DE380004513C3 /* PhotoFlickrViewController.m in Sources */ = {isa = PBXBuildFile; fileRef = 577DA76A161DE380004513C3 /* PhotoFlickrViewController.m */; };
		57DBC46E161E7EC200BC7F07 /* RecentFlickrViewController.m in Sources */ = {isa = PBXBuildFile; fileRef = 57DBC46D161E7EC200BC7F07 /* RecentFlickrViewController.m */; };
/* End PBXBuildFile section */

/* Begin PBXFileReference section */
		577DA72D161AA89D004513C3 /* Flickr.app */ = {isa = PBXFileReference; explicitFileType = wrapper.application; includeInIndex = 0; path = Flickr.app; sourceTree = BUILT_PRODUCTS_DIR; };
		577DA731161AA89D004513C3 /* UIKit.framework */ = {isa = PBXFileReference; lastKnownFileType = wrapper.framework; name = UIKit.framework; path = System/Library/Frameworks/UIKit.framework; sourceTree = SDKROOT; };
		577DA733161AA89D004513C3 /* Foundation.framework */ = {isa = PBXFileReference; lastKnownFileType = wrapper.framework; name = Foundation.framework; path = System/Library/Frameworks/Foundation.framework; sourceTree = SDKROOT; };
		577DA735161AA89D004513C3 /* CoreGraphics.framework */ = {isa = PBXFileReference; lastKnownFileType = wrapper.framework; name = CoreGraphics.framework; path = System/Library/Frameworks/CoreGraphics.framework; sourceTree = SDKROOT; };
		577DA739161AA89D004513C3 /* Flickr-Info.plist */ = {isa = PBXFileReference; lastKnownFileType = text.plist.xml; path = "Flickr-Info.plist"; sourceTree = "<group>"; };
		577DA73B161AA89D004513C3 /* en */ = {isa = PBXFileReference; lastKnownFileType = text.plist.strings; name = en; path = en.lproj/InfoPlist.strings; sourceTree = "<group>"; };
		577DA73D161AA89D004513C3 /* main.m */ = {isa = PBXFileReference; lastKnownFileType = sourcecode.c.objc; path = main.m; sourceTree = "<group>"; };
		577DA73F161AA89D004513C3 /* Flickr-Prefix.pch */ = {isa = PBXFileReference; lastKnownFileType = sourcecode.c.h; path = "Flickr-Prefix.pch"; sourceTree = "<group>"; };
		577DA740161AA89D004513C3 /* FlickrAppDelegate.h */ = {isa = PBXFileReference; lastKnownFileType = sourcecode.c.h; path = FlickrAppDelegate.h; sourceTree = "<group>"; };
		577DA741161AA89D004513C3 /* FlickrAppDelegate.m */ = {isa = PBXFileReference; lastKnownFileType = sourcecode.c.objc; path = FlickrAppDelegate.m; sourceTree = "<group>"; };
		577DA744161AA89D004513C3 /* en */ = {isa = PBXFileReference; lastKnownFileType = file.storyboard; name = en; path = en.lproj/MainStoryboard_iPhone.storyboard; sourceTree = "<group>"; };
		577DA747161AA89D004513C3 /* en */ = {isa = PBXFileReference; lastKnownFileType = file.storyboard; name = en; path = en.lproj/MainStoryboard_iPad.storyboard; sourceTree = "<group>"; };
		577DA751161AACBC004513C3 /* FlickrTableViewController.h */ = {isa = PBXFileReference; fileEncoding = 4; lastKnownFileType = sourcecode.c.h; path = FlickrTableViewController.h; sourceTree = "<group>"; };
		577DA752161AACBC004513C3 /* FlickrTableViewController.m */ = {isa = PBXFileReference; fileEncoding = 4; lastKnownFileType = sourcecode.c.objc; path = FlickrTableViewController.m; sourceTree = "<group>"; };
		577DA754161C740B004513C3 /* FlickrAPIKey.h */ = {isa = PBXFileReference; fileEncoding = 4; lastKnownFileType = sourcecode.c.h; path = FlickrAPIKey.h; sourceTree = "<group>"; };
		577DA755161C740B004513C3 /* FlickrFetcher.h */ = {isa = PBXFileReference; fileEncoding = 4; lastKnownFileType = sourcecode.c.h; path = FlickrFetcher.h; sourceTree = "<group>"; };
		577DA756161C740B004513C3 /* FlickrFetcher.m */ = {isa = PBXFileReference; fileEncoding = 4; lastKnownFileType = sourcecode.c.objc; path = FlickrFetcher.m; sourceTree = "<group>"; };
		577DA758161C87B8004513C3 /* FlickrModel.h */ = {isa = PBXFileReference; fileEncoding = 4; lastKnownFileType = sourcecode.c.h; path = FlickrModel.h; sourceTree = "<group>"; };
		577DA759161C87B8004513C3 /* FlickrModel.m */ = {isa = PBXFileReference; fileEncoding = 4; lastKnownFileType = sourcecode.c.objc; path = FlickrModel.m; sourceTree = "<group>"; };
		577DA762161D4F94004513C3 /* DetailFlickrViewController.h */ = {isa = PBXFileReference; fileEncoding = 4; lastKnownFileType = sourcecode.c.h; path = DetailFlickrViewController.h; sourceTree = "<group>"; };
		577DA763161D4F94004513C3 /* DetailFlickrViewController.m */ = {isa = PBXFileReference; fileEncoding = 4; lastKnownFileType = sourcecode.c.objc; path = DetailFlickrViewController.m; sourceTree = "<group>"; };
		577DA769161DE380004513C3 /* PhotoFlickrViewController.h */ = {isa = PBXFileReference; fileEncoding = 4; lastKnownFileType = sourcecode.c.h; path = PhotoFlickrViewController.h; sourceTree = "<group>"; };
		577DA76A161DE380004513C3 /* PhotoFlickrViewController.m */ = {isa = PBXFileReference; fileEncoding = 4; lastKnownFileType = sourcecode.c.objc; path = PhotoFlickrViewController.m; sourceTree = "<group>"; };
		57DBC46C161E7EC200BC7F07 /* RecentFlickrViewController.h */ = {isa = PBXFileReference; fileEncoding = 4; lastKnownFileType = sourcecode.c.h; path = RecentFlickrViewController.h; sourceTree = "<group>"; };
		57DBC46D161E7EC200BC7F07 /* RecentFlickrViewController.m */ = {isa = PBXFileReference; fileEncoding = 4; lastKnownFileType = sourcecode.c.objc; path = RecentFlickrViewController.m; sourceTree = "<group>"; };
/* End PBXFileReference section */

/* Begin PBXFrameworksBuildPhase section */
		577DA72A161AA89D004513C3 /* Frameworks */ = {
			isa = PBXFrameworksBuildPhase;
			buildActionMask = 2147483647;
			files = (
				577DA732161AA89D004513C3 /* UIKit.framework in Frameworks */,
				577DA734161AA89D004513C3 /* Foundation.framework in Frameworks */,
				577DA736161AA89D004513C3 /* CoreGraphics.framework in Frameworks */,
			);
			runOnlyForDeploymentPostprocessing = 0;
		};
/* End PBXFrameworksBuildPhase section */

/* Begin PBXGroup section */
		577DA722161AA89D004513C3 = {
			isa = PBXGroup;
			children = (
				577DA737161AA89D004513C3 /* Flickr */,
				577DA730161AA89D004513C3 /* Frameworks */,
				577DA72E161AA89D004513C3 /* Products */,
			);
			sourceTree = "<group>";
		};
		577DA72E161AA89D004513C3 /* Products */ = {
			isa = PBXGroup;
			children = (
				577DA72D161AA89D004513C3 /* Flickr.app */,
			);
			name = Products;
			sourceTree = "<group>";
		};
		577DA730161AA89D004513C3 /* Frameworks */ = {
			isa = PBXGroup;
			children = (
				577DA731161AA89D004513C3 /* UIKit.framework */,
				577DA733161AA89D004513C3 /* Foundation.framework */,
				577DA735161AA89D004513C3 /* CoreGraphics.framework */,
			);
			name = Frameworks;
			sourceTree = "<group>";
		};
		577DA737161AA89D004513C3 /* Flickr */ = {
			isa = PBXGroup;
			children = (
				57DBC46C161E7EC200BC7F07 /* RecentFlickrViewController.h */,
				57DBC46D161E7EC200BC7F07 /* RecentFlickrViewController.m */,
				577DA769161DE380004513C3 /* PhotoFlickrViewController.h */,
				577DA76A161DE380004513C3 /* PhotoFlickrViewController.m */,
				577DA762161D4F94004513C3 /* DetailFlickrViewController.h */,
				577DA763161D4F94004513C3 /* DetailFlickrViewController.m */,
				577DA758161C87B8004513C3 /* FlickrModel.h */,
				577DA759161C87B8004513C3 /* FlickrModel.m */,
				577DA754161C740B004513C3 /* FlickrAPIKey.h */,
				577DA755161C740B004513C3 /* FlickrFetcher.h */,
				577DA756161C740B004513C3 /* FlickrFetcher.m */,
				577DA751161AACBC004513C3 /* FlickrTableViewController.h */,
				577DA752161AACBC004513C3 /* FlickrTableViewController.m */,
				577DA740161AA89D004513C3 /* FlickrAppDelegate.h */,
				577DA741161AA89D004513C3 /* FlickrAppDelegate.m */,
				577DA743161AA89D004513C3 /* MainStoryboard_iPhone.storyboard */,
				577DA746161AA89D004513C3 /* MainStoryboard_iPad.storyboard */,
				577DA738161AA89D004513C3 /* Supporting Files */,
			);
			path = Flickr;
			sourceTree = "<group>";
		};
		577DA738161AA89D004513C3 /* Supporting Files */ = {
			isa = PBXGroup;
			children = (
				577DA739161AA89D004513C3 /* Flickr-Info.plist */,
				577DA73A161AA89D004513C3 /* InfoPlist.strings */,
				577DA73D161AA89D004513C3 /* main.m */,
				577DA73F161AA89D004513C3 /* Flickr-Prefix.pch */,
			);
			name = "Supporting Files";
			sourceTree = "<group>";
		};
/* End PBXGroup section */

/* Begin PBXNativeTarget section */
		577DA72C161AA89D004513C3 /* Flickr */ = {
			isa = PBXNativeTarget;
			buildConfigurationList = 577DA74E161AA89D004513C3 /* Build configuration list for PBXNativeTarget "Flickr" */;
			buildPhases = (
				577DA729161AA89D004513C3 /* Sources */,
				577DA72A161AA89D004513C3 /* Frameworks */,
				577DA72B161AA89D004513C3 /* Resources */,
			);
			buildRules = (
			);
			dependencies = (
			);
			name = Flickr;
			productName = Flickr;
			productReference = 577DA72D161AA89D004513C3 /* Flickr.app */;
			productType = "com.apple.product-type.application";
		};
/* End PBXNativeTarget section */

/* Begin PBXProject section */
		577DA724161AA89D004513C3 /* Project object */ = {
			isa = PBXProject;
			attributes = {
				CLASSPREFIX = Flickr;
				LastUpgradeCheck = 0430;
				ORGANIZATIONNAME = Rice;
			};
			buildConfigurationList = 577DA727161AA89D004513C3 /* Build configuration list for PBXProject "Flickr" */;
			compatibilityVersion = "Xcode 3.2";
			developmentRegion = English;
			hasScannedForEncodings = 0;
			knownRegions = (
				en,
			);
			mainGroup = 577DA722161AA89D004513C3;
			productRefGroup = 577DA72E161AA89D004513C3 /* Products */;
			projectDirPath = "";
			projectRoot = "";
			targets = (
				577DA72C161AA89D004513C3 /* Flickr */,
			);
		};
/* End PBXProject section */

/* Begin PBXResourcesBuildPhase section */
		577DA72B161AA89D004513C3 /* Resources */ = {
			isa = PBXResourcesBuildPhase;
			buildActionMask = 2147483647;
			files = (
				577DA73C161AA89D004513C3 /* InfoPlist.strings in Resources */,
				577DA745161AA89D004513C3 /* MainStoryboard_iPhone.storyboard in Resources */,
				577DA748161AA89D004513C3 /* MainStoryboard_iPad.storyboard in Resources */,
			);
			runOnlyForDeploymentPostprocessing = 0;
		};
/* End PBXResourcesBuildPhase section */

/* Begin PBXSourcesBuildPhase section */
		577DA729161AA89D004513C3 /* Sources */ = {
			isa = PBXSourcesBuildPhase;
			buildActionMask = 2147483647;
			files = (
				577DA73E161AA89D004513C3 /* main.m in Sources */,
				577DA742161AA89D004513C3 /* FlickrAppDelegate.m in Sources */,
				577DA753161AACBC004513C3 /* FlickrTableViewController.m in Sources */,
				577DA757161C740B004513C3 /* FlickrFetcher.m in Sources */,
				577DA75A161C87B8004513C3 /* FlickrModel.m in Sources */,
				577DA764161D4F94004513C3 /* DetailFlickrViewController.m in Sources */,
				577DA76B161DE380004513C3 /* PhotoFlickrViewController.m in Sources */,
				57DBC46E161E7EC200BC7F07 /* RecentFlickrViewController.m in Sources */,
			);
			runOnlyForDeploymentPostprocessing = 0;
		};
/* End PBXSourcesBuildPhase section */

/* Begin PBXVariantGroup section */
		577DA73A161AA89D004513C3 /* InfoPlist.strings */ = {
			isa = PBXVariantGroup;
			children = (
				577DA73B161AA89D004513C3 /* en */,
			);
			name = InfoPlist.strings;
			sourceTree = "<group>";
		};
		577DA743161AA89D004513C3 /* MainStoryboard_iPhone.storyboard */ = {
			isa = PBXVariantGroup;
			children = (
				577DA744161AA89D004513C3 /* en */,
			);
			name = MainStoryboard_iPhone.storyboard;
			sourceTree = "<group>";
			usesTabs = 0;
		};
		577DA746161AA89D004513C3 /* MainStoryboard_iPad.storyboard */ = {
			isa = PBXVariantGroup;
			children = (
				577DA747161AA89D004513C3 /* en */,
			);
			name = MainStoryboard_iPad.storyboard;
			sourceTree = "<group>";
		};
/* End PBXVariantGroup section */

/* Begin XCBuildConfiguration section */
		577DA74C161AA89D004513C3 /* Debug */ = {
			isa = XCBuildConfiguration;
			buildSettings = {
				ALWAYS_SEARCH_USER_PATHS = NO;
				ARCHS = "$(ARCHS_STANDARD_32_BIT)";
				CLANG_ENABLE_OBJC_ARC = YES;
				"CODE_SIGN_IDENTITY[sdk=iphoneos*]" = "iPhone Developer";
				COPY_PHASE_STRIP = NO;
				GCC_C_LANGUAGE_STANDARD = gnu99;
				GCC_DYNAMIC_NO_PIC = NO;
				GCC_OPTIMIZATION_LEVEL = 0;
				GCC_PREPROCESSOR_DEFINITIONS = (
					"DEBUG=1",
					"$(inherited)",
				);
				GCC_SYMBOLS_PRIVATE_EXTERN = NO;
				GCC_VERSION = com.apple.compilers.llvm.clang.1_0;
				GCC_WARN_ABOUT_RETURN_TYPE = YES;
				GCC_WARN_UNINITIALIZED_AUTOS = YES;
				GCC_WARN_UNUSED_VARIABLE = YES;
				IPHONEOS_DEPLOYMENT_TARGET = 5.1;
				SDKROOT = iphoneos;
				TARGETED_DEVICE_FAMILY = "1,2";
			};
			name = Debug;
		};
		577DA74D161AA89D004513C3 /* Release */ = {
			isa = XCBuildConfiguration;
			buildSettings = {
				ALWAYS_SEARCH_USER_PATHS = NO;
				ARCHS = "$(ARCHS_STANDARD_32_BIT)";
				CLANG_ENABLE_OBJC_ARC = YES;
				"CODE_SIGN_IDENTITY[sdk=iphoneos*]" = "iPhone Developer";
				COPY_PHASE_STRIP = YES;
				GCC_C_LANGUAGE_STANDARD = gnu99;
				GCC_VERSION = com.apple.compilers.llvm.clang.1_0;
				GCC_WARN_ABOUT_RETURN_TYPE = YES;
				GCC_WARN_UNINITIALIZED_AUTOS = YES;
				GCC_WARN_UNUSED_VARIABLE = YES;
				IPHONEOS_DEPLOYMENT_TARGET = 5.1;
				OTHER_CFLAGS = "-DNS_BLOCK_ASSERTIONS=1";
				SDKROOT = iphoneos;
				TARGETED_DEVICE_FAMILY = "1,2";
				VALIDATE_PRODUCT = YES;
			};
			name = Release;
		};
		577DA74F161AA89D004513C3 /* Debug */ = {
			isa = XCBuildConfiguration;
			buildSettings = {
				GCC_PRECOMPILE_PREFIX_HEADER = YES;
				GCC_PREFIX_HEADER = "Flickr/Flickr-Prefix.pch";
				INFOPLIST_FILE = "Flickr/Flickr-Info.plist";
				PRODUCT_NAME = "$(TARGET_NAME)";
				WRAPPER_EXTENSION = app;
			};
			name = Debug;
		};
		577DA750161AA89D004513C3 /* Release */ = {
			isa = XCBuildConfiguration;
			buildSettings = {
				GCC_PRECOMPILE_PREFIX_HEADER = YES;
				GCC_PREFIX_HEADER = "Flickr/Flickr-Prefix.pch";
				INFOPLIST_FILE = "Flickr/Flickr-Info.plist";
				PRODUCT_NAME = "$(TARGET_NAME)";
				WRAPPER_EXTENSION = app;
			};
			name = Release;
		};
/* End XCBuildConfiguration section */

/* Begin XCConfigurationList section */
		577DA727161AA89D004513C3 /* Build configuration list for PBXProject "Flickr" */ = {
			isa = XCConfigurationList;
			buildConfigurations = (
				577DA74C161AA89D004513C3 /* Debug */,
				577DA74D161AA89D004513C3 /* Release */,
			);
			defaultConfigurationIsVisible = 0;
			defaultConfigurationName = Release;
		};
		577DA74E161AA89D004513C3 /* Build configuration list for PBXNativeTarget "Flickr" */ = {
			isa = XCConfigurationList;
			buildConfigurations = (
				577DA74F161AA89D004513C3 /* Debug */,
				577DA750161AA89D004513C3 /* Release */,
			);
			defaultConfigurationIsVisible = 0;
			defaultConfigurationName = Release;
		};
/* End XCConfigurationList section */
	};
	rootObject = 577DA724161AA89D004513C3 /* Project object */;
}
